
Microsoft Visual Studio Solution File, Format Version 12.00
# Visual Studio Version 17
VisualStudioVersion = 17.11.35327.3
MinimumVisualStudioVersion = 10.0.40219.1
Project("{9A19103F-16F7-4668-BE54-9A1E7A4F7556}") = "NobetYonetim", "NobetYonetim\NobetYonetim.csproj", "{DDBD0AB6-C015-4EB2-BCF6-040E75C759D0}"
EndProject
Global
	GlobalSection(SolutionConfigurationPlatforms) = preSolution
		Debug|Any CPU = Debug|Any CPU
		Release|Any CPU = Release|Any CPU
	EndGlobalSection
	GlobalSection(ProjectConfigurationPlatforms) = postSolution
		{DDBD0AB6-C015-4EB2-BCF6-040E75C759D0}.Debug|Any CPU.ActiveCfg = Debug|Any CPU
		{DDBD0AB6-C015-4EB2-BCF6-040E75C759D0}.Debug|Any CPU.Build.0 = Debug|Any CPU
		{DDBD0AB6-C015-4EB2-BCF6-040E75C759D0}.Release|Any CPU.ActiveCfg = Release|Any CPU
		{DDBD0AB6-C015-4EB2-BCF6-040E75C759D0}.Release|Any CPU.Build.0 = Release|Any CPU
	EndGlobalSection
	GlobalSection(SolutionProperties) = preSolution
		HideSolutionNode = FALSE
	EndGlobalSection
	GlobalSection(ExtensibilityGlobals) = postSolution
		SolutionGuid = {A06F37C9-706F-45F0-B20F-59C52E682A9E}
	EndGlobalSection
EndGlobal
